<Solution>
  <Folder Name="/FrontEnd/">
    <Project Path="Mongo-web/Mongo-web.csproj" Id="a50ee6b6-bebd-44e8-9db4-ef9d9114058d" />
  </Folder>
  <Folder Name="/Gateway/" />
  <Folder Name="/Integrations/" />
  <Folder Name="/Services/">
    <Project Path="Mongo.Services.CouponApi/Mongo.Services.CouponApi.csproj" />
  </Folder>
</Solution>
